{
    "_meta": {
        "hash": {
            "sha256": "808ec59c87ed551802b8486853ceccc157dd67c27c20e9913f4d9bb5bd2156d8"
        },
        "pipfile-spec": 6,
        "requires": {"python_version": "3.7"},
        "sources": [
            {"name": "pypi", "url": "https://pypi.org/simple", "verify_ssl": true}
        ],
    },
    "default": {
        "certifi": {
            "hashes": [
                "sha256:017c25db2a153ce562900032d5bc68e9f191e44e9a0f762f373977de9df1fbb3",
                "sha256:25b64c7da4cd7479594d035c08c2d809eb4aab3a26e5a990ea98cc450c320f1f",
            ],
            "version": "==2019.11.28",
        },
        "chardet": {
            "hashes": [
                "sha256:84ab92ed1c4d4f16916e05906b6b75a6c0fb5db821cc65e70cbd64a3e2a5eaae",
                "sha256:fc323ffcaeaed0e0a02bf4d117757b98aed530d9ed4531e3e15460124c106691",
            ],
            "version": "==3.0.4",
        },
        "dukpy": {
            "hashes": [
                "sha256:10c47bd030c4e224788496d57aef59762fd1531049db3b178a76f9fd708089b5",
                "sha256:111ba2a22465002bbfb6572fd28f81c7c3222bdb566215ef81104bff9357caae",
                "sha256:296f6c1529ad03722cd1edc5f4bdf0a59b54ed6d7fa6e766c2765dc31a089804",
                "sha256:2e62bb46ba6f1dc45f723a487d4c3ee2fe49502b031fcdfe7dba412243402abe",
                "sha256:32b1555346cd5f6695534f6a15d78d783cb4a8a081c43ca6e3ff4566b14732ef",
                "sha256:3889a8044224d8422555f4b00926a3f1ed1ede2324378f52575bd636823c6747",
                "sha256:3b2c868920a43d007985bca459a4bd165597e2aa7d0dad021d4c33cf6611a476",
                "sha256:411ba7fb244bc1615c26b6b831662b0127d2213e094f65988f5211a0e1de0557",
                "sha256:52099282c36e36548a00ce1af078b537061682713d771511160c957e4423713a",
                "sha256:6277b2b36c1cc4d372d7875491eb3db8907123844e0b54af74dab0f7d02ce533",
                "sha256:7bc227439fdc9eabed11f4cded336b5f5c4a2796dcb95a071cd03cb9fe194b59",
                "sha256:7be7ccb621879ac4b409a4a5b691eeafd247916072cb6aa39e47326d020b18b8",
                "sha256:7cf6fa0931fe0732a9f5857dcf144d8d96c1f7b96fef481bef7c9a9c367083fb",
                "sha256:a6ad1b26c3e54b0f60616ddadade1382a7b669dd4fc6e095c83b2b6b8e016833",
                "sha256:a80833e057e65de73dad6bc396d6aaa4d23683f87efe2483cd969ff3c9279aff",
                "sha256:b0b1b529fcdc296a92e81d80b3b52ed6365ebf7edabf8aaabac5c256e36f39b8",
                "sha256:b5c833e59e0d0992a8a3b5d73e0f3aaf33a32412db85c6c303feac0357e04228",
                "sha256:b7fee6d6400e0e82d75edf5a4266394674805bc5251e01b554cb3ad2a031ee88",
                "sha256:bbd4abb6457cc08616bc869ac83cedd5f46f2ef8d0081c86940cdca9ebea07ae",
                "sha256:c165f452bb2a565ff7082e1a2f17a84c5355a5a3146147ab686fe6c12d1ce04e",
                "sha256:c64b2ad3031259688cbc5d535d75c22a4e541c251ed9c7c53f41fb06ad704840",
                "sha256:ddaaa9e9fa06e44523d36af98ccd3416cb61ffa0eeae4e763c7e0876887346be",
                "sha256:f82842f38904a97981c86221a13634b9f5ebc44ffd1aa2d734300608b4b1aaf8",
                "sha256:f8a526ec733b405e366f59c376530ce9f59797bbe6933a0ad6945628fad04626",
                "sha256:f9c63a0f7ae7696c4cba863e1cc45fb6c05b8f00c90eef2c2318dbea36ec3e90",
            ],
            "version": "==0.2.2",
        },
        "idna": {
            "hashes": [
                "sha256:7588d1c14ae4c77d74036e8c22ff447b26d0fde8f007354fd48a7814db15b7cb",
                "sha256:a068a21ceac8a4d63dbfd964670474107f541babbd2250d61922f029858365fa",
            ],
            "version": "==2.9",
        },
        "javascripthon": {
            "hashes": [
                "sha256:95fc362624513c5f0ec0ee0f355cf26807621da6fb94af94b0cf0ed313e4e957"
            ],
            "index": "pypi",
            "version": "==0.10",
        },
        "macropy3": {
            "hashes": [
                "sha256:7a8eae9886ea4a5df4fcf4f71f53165b82becfc7fc87d9c1c8cd2196f22d9408"
            ],
            "version": "==1.1.0b2",
        },
        "requests": {
            "hashes": [
                "sha256:43999036bfa82904b6af1d99e4882b560e5e2c68e5c4b0aa03b655f3d7d73fee",
                "sha256:b3f43d496c6daba4493e7c431722aeb7dbc6288f52a6e04e7b6023b0247817e6",
            ],
            "index": "pypi",
            "version": "==2.23.0",
        },
        "urllib3": {
            "hashes": [
                "sha256:2f3db8b19923a873b3e5256dc9c2dedfa883e33d87c690d9c7913e1f40673cdc",
                "sha256:87716c2d2a7121198ebcb7ce7cccf6ce5e9ba539041cfbaeecfb641dc0bf6acc",
            ],
            "version": "==1.25.8",
        },
    },
    "develop": {},
}
